// !$*UTF8*$!
{
	archiveVersion = 1;
	classes = {
	};
	objectVersion = 56;
	objects = {

/* Begin PBXBuildFile section */
		E8045C2E2B6563E800D6E8F2 /* BerlinClockApp.swift in Sources */ = {isa = PBXBuildFile; fileRef = E8045C2D2B6563E800D6E8F2 /* BerlinClockApp.swift */; };
		E8045C322B6563EA00D6E8F2 /* Assets.xcassets in Resources */ = {isa = PBXBuildFile; fileRef = E8045C312B6563EA00D6E8F2 /* Assets.xcassets */; };
		E8045C352B6563EA00D6E8F2 /* Preview Assets.xcassets in Resources */ = {isa = PBXBuildFile; fileRef = E8045C342B6563EA00D6E8F2 /* Preview Assets.xcassets */; };
		E8045C3F2B6563EA00D6E8F2 /* BerlinClockManagerTests.swift in Sources */ = {isa = PBXBuildFile; fileRef = E8045C3E2B6563EA00D6E8F2 /* BerlinClockManagerTests.swift */; };
		E8045C492B6563EA00D6E8F2 /* BerlinClockUITests.swift in Sources */ = {isa = PBXBuildFile; fileRef = E8045C482B6563EA00D6E8F2 /* BerlinClockUITests.swift */; };
		E8045C4B2B6563EA00D6E8F2 /* BerlinClockUITestsLaunchTests.swift in Sources */ = {isa = PBXBuildFile; fileRef = E8045C4A2B6563EA00D6E8F2 /* BerlinClockUITestsLaunchTests.swift */; };
		E8045C592B6565A200D6E8F2 /* BerlinClockManager.swift in Sources */ = {isa = PBXBuildFile; fileRef = E8045C582B6565A200D6E8F2 /* BerlinClockManager.swift */; };
		E8045C5C2B656F9A00D6E8F2 /* Constants.swift in Sources */ = {isa = PBXBuildFile; fileRef = E8045C5B2B656F9A00D6E8F2 /* Constants.swift */; };
		E8045C5F2B657A6B00D6E8F2 /* BerlinClockView.swift in Sources */ = {isa = PBXBuildFile; fileRef = E8045C5E2B657A6B00D6E8F2 /* BerlinClockView.swift */; };
		E8045C612B657AED00D6E8F2 /* BerlinClockViewModel.swift in Sources */ = {isa = PBXBuildFile; fileRef = E8045C602B657AED00D6E8F2 /* BerlinClockViewModel.swift */; };
/* End PBXBuildFile section */

/* Begin PBXContainerItemProxy section */
		E8045C3B2B6563EA00D6E8F2 /* PBXContainerItemProxy */ = {
			isa = PBXContainerItemProxy;
			containerPortal = E8045C222B6563E800D6E8F2 /* Project object */;
			proxyType = 1;
			remoteGlobalIDString = E8045C292B6563E800D6E8F2;
			remoteInfo = BerlinClock;
		};
		E8045C452B6563EA00D6E8F2 /* PBXContainerItemProxy */ = {
			isa = PBXContainerItemProxy;
			containerPortal = E8045C222B6563E800D6E8F2 /* Project object */;
			proxyType = 1;
			remoteGlobalIDString = E8045C292B6563E800D6E8F2;
			remoteInfo = BerlinClock;
		};
/* End PBXContainerItemProxy section */

/* Begin PBXFileReference section */
		E8045C2A2B6563E800D6E8F2 /* BerlinClock.app */ = {isa = PBXFileReference; explicitFileType = wrapper.application; includeInIndex = 0; path = BerlinClock.app; sourceTree = BUILT_PRODUCTS_DIR; };
		E8045C2D2B6563E800D6E8F2 /* BerlinClockApp.swift */ = {isa = PBXFileReference; lastKnownFileType = sourcecode.swift; path = BerlinClockApp.swift; sourceTree = "<group>"; };
		E8045C312B6563EA00D6E8F2 /* Assets.xcassets */ = {isa = PBXFileReference; lastKnownFileType = folder.assetcatalog; path = Assets.xcassets; sourceTree = "<group>"; };
		E8045C342B6563EA00D6E8F2 /* Preview Assets.xcassets */ = {isa = PBXFileReference; lastKnownFileType = folder.assetcatalog; path = "Preview Assets.xcassets"; sourceTree = "<group>"; };
		E8045C3A2B6563EA00D6E8F2 /* BerlinClockTests.xctest */ = {isa = PBXFileReference; explicitFileType = wrapper.cfbundle; includeInIndex = 0; path = BerlinClockTests.xctest; sourceTree = BUILT_PRODUCTS_DIR; };
		E8045C3E2B6563EA00D6E8F2 /* BerlinClockManagerTests.swift */ = {isa = PBXFileReference; lastKnownFileType = sourcecode.swift; path = BerlinClockManagerTests.swift; sourceTree = "<group>"; };
		E8045C442B6563EA00D6E8F2 /* BerlinClockUITests.xctest */ = {isa = PBXFileReference; explicitFileType = wrapper.cfbundle; includeInIndex = 0; path = BerlinClockUITests.xctest; sourceTree = BUILT_PRODUCTS_DIR; };
		E8045C482B6563EA00D6E8F2 /* BerlinClockUITests.swift */ = {isa = PBXFileReference; lastKnownFileType = sourcecode.swift; path = BerlinClockUITests.swift; sourceTree = "<group>"; };
		E8045C4A2B6563EA00D6E8F2 /* BerlinClockUITestsLaunchTests.swift */ = {isa = PBXFileReference; lastKnownFileType = sourcecode.swift; path = BerlinClockUITestsLaunchTests.swift; sourceTree = "<group>"; };
		E8045C582B6565A200D6E8F2 /* BerlinClockManager.swift */ = {isa = PBXFileReference; lastKnownFileType = sourcecode.swift; path = BerlinClockManager.swift; sourceTree = "<group>"; };
		E8045C5B2B656F9A00D6E8F2 /* Constants.swift */ = {isa = PBXFileReference; lastKnownFileType = sourcecode.swift; path = Constants.swift; sourceTree = "<group>"; };
		E8045C5E2B657A6B00D6E8F2 /* BerlinClockView.swift */ = {isa = PBXFileReference; lastKnownFileType = sourcecode.swift; path = BerlinClockView.swift; sourceTree = "<group>"; };
		E8045C602B657AED00D6E8F2 /* BerlinClockViewModel.swift */ = {isa = PBXFileReference; lastKnownFileType = sourcecode.swift; path = BerlinClockViewModel.swift; sourceTree = "<group>"; };
/* End PBXFileReference section */

/* Begin PBXFrameworksBuildPhase section */
		E8045C272B6563E800D6E8F2 /* Frameworks */ = {
			isa = PBXFrameworksBuildPhase;
			buildActionMask = 2147483647;
			files = (
			);
			runOnlyForDeploymentPostprocessing = 0;
		};
		E8045C372B6563EA00D6E8F2 /* Frameworks */ = {
			isa = PBXFrameworksBuildPhase;
			buildActionMask = 2147483647;
			files = (
			);
			runOnlyForDeploymentPostprocessing = 0;
		};
		E8045C412B6563EA00D6E8F2 /* Frameworks */ = {
			isa = PBXFrameworksBuildPhase;
			buildActionMask = 2147483647;
			files = (
			);
			runOnlyForDeploymentPostprocessing = 0;
		};
/* End PBXFrameworksBuildPhase section */

/* Begin PBXGroup section */
		E8045C212B6563E800D6E8F2 = {
			isa = PBXGroup;
			children = (
				E8045C2C2B6563E800D6E8F2 /* BerlinClock */,
				E8045C3D2B6563EA00D6E8F2 /* BerlinClockTests */,
				E8045C472B6563EA00D6E8F2 /* BerlinClockUITests */,
				E8045C2B2B6563E800D6E8F2 /* Products */,
			);
			sourceTree = "<group>";
		};
		E8045C2B2B6563E800D6E8F2 /* Products */ = {
			isa = PBXGroup;
			children = (
				E8045C2A2B6563E800D6E8F2 /* BerlinClock.app */,
				E8045C3A2B6563EA00D6E8F2 /* BerlinClockTests.xctest */,
				E8045C442B6563EA00D6E8F2 /* BerlinClockUITests.xctest */,
			);
			name = Products;
			sourceTree = "<group>";
		};
		E8045C2C2B6563E800D6E8F2 /* BerlinClock */ = {
			isa = PBXGroup;
			children = (
				E8045C2D2B6563E800D6E8F2 /* BerlinClockApp.swift */,
				E8045C5D2B657A5300D6E8F2 /* View */,
				E8045C572B65659000D6E8F2 /* Manager */,
				E8045C5A2B656F8900D6E8F2 /* Utils */,
				E8045C312B6563EA00D6E8F2 /* Assets.xcassets */,
				E8045C332B6563EA00D6E8F2 /* Preview Content */,
			);
			path = BerlinClock;
			sourceTree = "<group>";
		};
		E8045C332B6563EA00D6E8F2 /* Preview Content */ = {
			isa = PBXGroup;
			children = (
				E8045C342B6563EA00D6E8F2 /* Preview Assets.xcassets */,
			);
			path = "Preview Content";
			sourceTree = "<group>";
		};
		E8045C3D2B6563EA00D6E8F2 /* BerlinClockTests */ = {
			isa = PBXGroup;
			children = (
				E8045C3E2B6563EA00D6E8F2 /* BerlinClockManagerTests.swift */,
			);
			path = BerlinClockTests;
			sourceTree = "<group>";
		};
		E8045C472B6563EA00D6E8F2 /* BerlinClockUITests */ = {
			isa = PBXGroup;
			children = (
				E8045C482B6563EA00D6E8F2 /* BerlinClockUITests.swift */,
				E8045C4A2B6563EA00D6E8F2 /* BerlinClockUITestsLaunchTests.swift */,
			);
			path = BerlinClockUITests;
			sourceTree = "<group>";
		};
		E8045C572B65659000D6E8F2 /* Manager */ = {
			isa = PBXGroup;
			children = (
				E8045C582B6565A200D6E8F2 /* BerlinClockManager.swift */,
			);
			path = Manager;
			sourceTree = "<group>";
		};
		E8045C5A2B656F8900D6E8F2 /* Utils */ = {
			isa = PBXGroup;
			children = (
				E8045C5B2B656F9A00D6E8F2 /* Constants.swift */,
			);
			path = Utils;
			sourceTree = "<group>";
		};
		E8045C5D2B657A5300D6E8F2 /* View */ = {
			isa = PBXGroup;
			children = (
				E8045C5E2B657A6B00D6E8F2 /* BerlinClockView.swift */,
				E8045C602B657AED00D6E8F2 /* BerlinClockViewModel.swift */,
			);
			path = View;
			sourceTree = "<group>";
		};
/* End PBXGroup section */

/* Begin PBXNativeTarget section */
		E8045C292B6563E800D6E8F2 /* BerlinClock */ = {
			isa = PBXNativeTarget;
			buildConfigurationList = E8045C4E2B6563EA00D6E8F2 /* Build configuration list for PBXNativeTarget "BerlinClock" */;
			buildPhases = (
				E8045C262B6563E800D6E8F2 /* Sources */,
				E8045C272B6563E800D6E8F2 /* Frameworks */,
				E8045C282B6563E800D6E8F2 /* Resources */,
			);
			buildRules = (
			);
			dependencies = (
			);
			name = BerlinClock;
			productName = BerlinClock;
			productReference = E8045C2A2B6563E800D6E8F2 /* BerlinClock.app */;
			productType = "com.apple.product-type.application";
		};
		E8045C392B6563EA00D6E8F2 /* BerlinClockTests */ = {
			isa = PBXNativeTarget;
			buildConfigurationList = E8045C512B6563EA00D6E8F2 /* Build configuration list for PBXNativeTarget "BerlinClockTests" */;
			buildPhases = (
				E8045C362B6563EA00D6E8F2 /* Sources */,
				E8045C372B6563EA00D6E8F2 /* Frameworks */,
				E8045C382B6563EA00D6E8F2 /* Resources */,
			);
			buildRules = (
			);
			dependencies = (
				E8045C3C2B6563EA00D6E8F2 /* PBXTargetDependency */,
			);
			name = BerlinClockTests;
			productName = BerlinClockTests;
			productReference = E8045C3A2B6563EA00D6E8F2 /* BerlinClockTests.xctest */;
			productType = "com.apple.product-type.bundle.unit-test";
		};
		E8045C432B6563EA00D6E8F2 /* BerlinClockUITests */ = {
			isa = PBXNativeTarget;
			buildConfigurationList = E8045C542B6563EA00D6E8F2 /* Build configuration list for PBXNativeTarget "BerlinClockUITests" */;
			buildPhases = (
				E8045C402B6563EA00D6E8F2 /* Sources */,
				E8045C412B6563EA00D6E8F2 /* Frameworks */,
				E8045C422B6563EA00D6E8F2 /* Resources */,
			);
			buildRules = (
			);
			dependencies = (
				E8045C462B6563EA00D6E8F2 /* PBXTargetDependency */,
			);
			name = BerlinClockUITests;
			productName = BerlinClockUITests;
			productReference = E8045C442B6563EA00D6E8F2 /* BerlinClockUITests.xctest */;
			productType = "com.apple.product-type.bundle.ui-testing";
		};
/* End PBXNativeTarget section */

/* Begin PBXProject section */
		E8045C222B6563E800D6E8F2 /* Project object */ = {
			isa = PBXProject;
			attributes = {
				BuildIndependentTargetsInParallel = 1;
				LastSwiftUpdateCheck = 1520;
				LastUpgradeCheck = 1520;
				TargetAttributes = {
					E8045C292B6563E800D6E8F2 = {
						CreatedOnToolsVersion = 15.2;
					};
					E8045C392B6563EA00D6E8F2 = {
						CreatedOnToolsVersion = 15.2;
						TestTargetID = E8045C292B6563E800D6E8F2;
					};
					E8045C432B6563EA00D6E8F2 = {
						CreatedOnToolsVersion = 15.2;
						TestTargetID = E8045C292B6563E800D6E8F2;
					};
				};
			};
			buildConfigurationList = E8045C252B6563E800D6E8F2 /* Build configuration list for PBXProject "BerlinClock" */;
			compatibilityVersion = "Xcode 14.0";
			developmentRegion = en;
			hasScannedForEncodings = 0;
			knownRegions = (
				en,
				Base,
			);
			mainGroup = E8045C212B6563E800D6E8F2;
			productRefGroup = E8045C2B2B6563E800D6E8F2 /* Products */;
			projectDirPath = "";
			projectRoot = "";
			targets = (
				E8045C292B6563E800D6E8F2 /* BerlinClock */,
				E8045C392B6563EA00D6E8F2 /* BerlinClockTests */,
				E8045C432B6563EA00D6E8F2 /* BerlinClockUITests */,
			);
		};
/* End PBXProject section */

/* Begin PBXResourcesBuildPhase section */
		E8045C282B6563E800D6E8F2 /* Resources */ = {
			isa = PBXResourcesBuildPhase;
			buildActionMask = 2147483647;
			files = (
				E8045C352B6563EA00D6E8F2 /* Preview Assets.xcassets in Resources */,
				E8045C322B6563EA00D6E8F2 /* Assets.xcassets in Resources */,
			);
			runOnlyForDeploymentPostprocessing = 0;
		};
		E8045C382B6563EA00D6E8F2 /* Resources */ = {
			isa = PBXResourcesBuildPhase;
			buildActionMask = 2147483647;
			files = (
			);
			runOnlyForDeploymentPostprocessing = 0;
		};
		E8045C422B6563EA00D6E8F2 /* Resources */ = {
			isa = PBXResourcesBuildPhase;
			buildActionMask = 2147483647;
			files = (
			);
			runOnlyForDeploymentPostprocessing = 0;
		};
/* End PBXResourcesBuildPhase section */

/* Begin PBXSourcesBuildPhase section */
		E8045C262B6563E800D6E8F2 /* Sources */ = {
			isa = PBXSourcesBuildPhase;
			buildActionMask = 2147483647;
			files = (
				E8045C592B6565A200D6E8F2 /* BerlinClockManager.swift in Sources */,
				E8045C2E2B6563E800D6E8F2 /* BerlinClockApp.swift in Sources */,
				E8045C5F2B657A6B00D6E8F2 /* BerlinClockView.swift in Sources */,
				E8045C5C2B656F9A00D6E8F2 /* Constants.swift in Sources */,
				E8045C612B657AED00D6E8F2 /* BerlinClockViewModel.swift in Sources */,
			);
			runOnlyForDeploymentPostprocessing = 0;
		};
		E8045C362B6563EA00D6E8F2 /* Sources */ = {
			isa = PBXSourcesBuildPhase;
			buildActionMask = 2147483647;
			files = (
				E8045C3F2B6563EA00D6E8F2 /* BerlinClockManagerTests.swift in Sources */,
			);
			runOnlyForDeploymentPostprocessing = 0;
		};
		E8045C402B6563EA00D6E8F2 /* Sources */ = {
			isa = PBXSourcesBuildPhase;
			buildActionMask = 2147483647;
			files = (
				E8045C492B6563EA00D6E8F2 /* BerlinClockUITests.swift in Sources */,
				E8045C4B2B6563EA00D6E8F2 /* BerlinClockUITestsLaunchTests.swift in Sources */,
			);
			runOnlyForDeploymentPostprocessing = 0;
		};
/* End PBXSourcesBuildPhase section */

/* Begin PBXTargetDependency section */
		E8045C3C2B6563EA00D6E8F2 /* PBXTargetDependency */ = {
			isa = PBXTargetDependency;
			target = E8045C292B6563E800D6E8F2 /* BerlinClock */;
			targetProxy = E8045C3B2B6563EA00D6E8F2 /* PBXContainerItemProxy */;
		};
		E8045C462B6563EA00D6E8F2 /* PBXTargetDependency */ = {
			isa = PBXTargetDependency;
			target = E8045C292B6563E800D6E8F2 /* BerlinClock */;
			targetProxy = E8045C452B6563EA00D6E8F2 /* PBXContainerItemProxy */;
		};
/* End PBXTargetDependency section */

/* Begin XCBuildConfiguration section */
		E8045C4C2B6563EA00D6E8F2 /* Debug */ = {
			isa = XCBuildConfiguration;
			buildSettings = {
				ALWAYS_SEARCH_USER_PATHS = NO;
				ASSETCATALOG_COMPILER_GENERATE_SWIFT_ASSET_SYMBOL_EXTENSIONS = YES;
				CLANG_ANALYZER_NONNULL = YES;
				CLANG_ANALYZER_NUMBER_OBJECT_CONVERSION = YES_AGGRESSIVE;
				CLANG_CXX_LANGUAGE_STANDARD = "gnu++20";
				CLANG_ENABLE_MODULES = YES;
				CLANG_ENABLE_OBJC_ARC = YES;
				CLANG_ENABLE_OBJC_WEAK = YES;
				CLANG_WARN_BLOCK_CAPTURE_AUTORELEASING = YES;
				CLANG_WARN_BOOL_CONVERSION = YES;
				CLANG_WARN_COMMA = YES;
				CLANG_WARN_CONSTANT_CONVERSION = YES;
				CLANG_WARN_DEPRECATED_OBJC_IMPLEMENTATIONS = YES;
				CLANG_WARN_DIRECT_OBJC_ISA_USAGE = YES_ERROR;
				CLANG_WARN_DOCUMENTATION_COMMENTS = YES;
				CLANG_WARN_EMPTY_BODY = YES;
				CLANG_WARN_ENUM_CONVERSION = YES;
				CLANG_WARN_INFINITE_RECURSION = YES;
				CLANG_WARN_INT_CONVERSION = YES;
				CLANG_WARN_NON_LITERAL_NULL_CONVERSION = YES;
				CLANG_WARN_OBJC_IMPLICIT_RETAIN_SELF = YES;
				CLANG_WARN_OBJC_LITERAL_CONVERSION = YES;
				CLANG_WARN_OBJC_ROOT_CLASS = YES_ERROR;
				CLANG_WARN_QUOTED_INCLUDE_IN_FRAMEWORK_HEADER = YES;
				CLANG_WARN_RANGE_LOOP_ANALYSIS = YES;
				CLANG_WARN_STRICT_PROTOTYPES = YES;
				CLANG_WARN_SUSPICIOUS_MOVE = YES;
				CLANG_WARN_UNGUARDED_AVAILABILITY = YES_AGGRESSIVE;
				CLANG_WARN_UNREACHABLE_CODE = YES;
				CLANG_WARN__DUPLICATE_METHOD_MATCH = YES;
				COPY_PHASE_STRIP = NO;
				DEBUG_INFORMATION_FORMAT = dwarf;
				ENABLE_STRICT_OBJC_MSGSEND = YES;
				ENABLE_TESTABILITY = YES;
				ENABLE_USER_SCRIPT_SANDBOXING = YES;
				GCC_C_LANGUAGE_STANDARD = gnu17;
				GCC_DYNAMIC_NO_PIC = NO;
				GCC_NO_COMMON_BLOCKS = YES;
				GCC_OPTIMIZATION_LEVEL = 0;
				GCC_PREPROCESSOR_DEFINITIONS = (
					"DEBUG=1",
					"$(inherited)",
				);
				GCC_WARN_64_TO_32_BIT_CONVERSION = YES;
				GCC_WARN_ABOUT_RETURN_TYPE = YES_ERROR;
				GCC_WARN_UNDECLARED_SELECTOR = YES;
				GCC_WARN_UNINITIALIZED_AUTOS = YES_AGGRESSIVE;
				GCC_WARN_UNUSED_FUNCTION = YES;
				GCC_WARN_UNUSED_VARIABLE = YES;
				IPHONEOS_DEPLOYMENT_TARGET = 17.2;
				LOCALIZATION_PREFERS_STRING_CATALOGS = YES;
				MTL_ENABLE_DEBUG_INFO = INCLUDE_SOURCE;
				MTL_FAST_MATH = YES;
				ONLY_ACTIVE_ARCH = YES;
				SDKROOT = iphoneos;
				SWIFT_ACTIVE_COMPILATION_CONDITIONS = "DEBUG $(inherited)";
				SWIFT_OPTIMIZATION_LEVEL = "-Onone";
			};
			name = Debug;
		};
		E8045C4D2B6563EA00D6E8F2 /* Release */ = {
			isa = XCBuildConfiguration;
			buildSettings = {
				ALWAYS_SEARCH_USER_PATHS = NO;
				ASSETCATALOG_COMPILER_GENERATE_SWIFT_ASSET_SYMBOL_EXTENSIONS = YES;
				CLANG_ANALYZER_NONNULL = YES;
				CLANG_ANALYZER_NUMBER_OBJECT_CONVERSION = YES_AGGRESSIVE;
				CLANG_CXX_LANGUAGE_STANDARD = "gnu++20";
				CLANG_ENABLE_MODULES = YES;
				CLANG_ENABLE_OBJC_ARC = YES;
				CLANG_ENABLE_OBJC_WEAK = YES;
				CLANG_WARN_BLOCK_CAPTURE_AUTORELEASING = YES;
				CLANG_WARN_BOOL_CONVERSION = YES;
				CLANG_WARN_COMMA = YES;
				CLANG_WARN_CONSTANT_CONVERSION = YES;
				CLANG_WARN_DEPRECATED_OBJC_IMPLEMENTATIONS = YES;
				CLANG_WARN_DIRECT_OBJC_ISA_USAGE = YES_ERROR;
				CLANG_WARN_DOCUMENTATION_COMMENTS = YES;
				CLANG_WARN_EMPTY_BODY = YES;
				CLANG_WARN_ENUM_CONVERSION = YES;
				CLANG_WARN_INFINITE_RECURSION = YES;
				CLANG_WARN_INT_CONVERSION = YES;
				CLANG_WARN_NON_LITERAL_NULL_CONVERSION = YES;
				CLANG_WARN_OBJC_IMPLICIT_RETAIN_SELF = YES;
				CLANG_WARN_OBJC_LITERAL_CONVERSION = YES;
				CLANG_WARN_OBJC_ROOT_CLASS = YES_ERROR;
				CLANG_WARN_QUOTED_INCLUDE_IN_FRAMEWORK_HEADER = YES;
				CLANG_WARN_RANGE_LOOP_ANALYSIS = YES;
				CLANG_WARN_STRICT_PROTOTYPES = YES;
				CLANG_WARN_SUSPICIOUS_MOVE = YES;
				CLANG_WARN_UNGUARDED_AVAILABILITY = YES_AGGRESSIVE;
				CLANG_WARN_UNREACHABLE_CODE = YES;
				CLANG_WARN__DUPLICATE_METHOD_MATCH = YES;
				COPY_PHASE_STRIP = NO;
				DEBUG_INFORMATION_FORMAT = "dwarf-with-dsym";
				ENABLE_NS_ASSERTIONS = NO;
				ENABLE_STRICT_OBJC_MSGSEND = YES;
				ENABLE_USER_SCRIPT_SANDBOXING = YES;
				GCC_C_LANGUAGE_STANDARD = gnu17;
				GCC_NO_COMMON_BLOCKS = YES;
				GCC_WARN_64_TO_32_BIT_CONVERSION = YES;
				GCC_WARN_ABOUT_RETURN_TYPE = YES_ERROR;
				GCC_WARN_UNDECLARED_SELECTOR = YES;
				GCC_WARN_UNINITIALIZED_AUTOS = YES_AGGRESSIVE;
				GCC_WARN_UNUSED_FUNCTION = YES;
				GCC_WARN_UNUSED_VARIABLE = YES;
				IPHONEOS_DEPLOYMENT_TARGET = 17.2;
				LOCALIZATION_PREFERS_STRING_CATALOGS = YES;
				MTL_ENABLE_DEBUG_INFO = NO;
				MTL_FAST_MATH = YES;
				SDKROOT = iphoneos;
				SWIFT_COMPILATION_MODE = wholemodule;
				VALIDATE_PRODUCT = YES;
			};
			name = Release;
		};
		E8045C4F2B6563EA00D6E8F2 /* Debug */ = {
			isa = XCBuildConfiguration;
			buildSettings = {
				ASSETCATALOG_COMPILER_APPICON_NAME = AppIcon;
				ASSETCATALOG_COMPILER_GLOBAL_ACCENT_COLOR_NAME = AccentColor;
				CODE_SIGN_STYLE = Automatic;
				CURRENT_PROJECT_VERSION = 1;
				DEVELOPMENT_ASSET_PATHS = "\"BerlinClock/Preview Content\"";
				ENABLE_PREVIEWS = YES;
				GENERATE_INFOPLIST_FILE = YES;
				INFOPLIST_KEY_UIApplicationSceneManifest_Generation = YES;
				INFOPLIST_KEY_UIApplicationSupportsIndirectInputEvents = YES;
				INFOPLIST_KEY_UILaunchScreen_Generation = YES;
				INFOPLIST_KEY_UISupportedInterfaceOrientations_iPad = "UIInterfaceOrientationPortrait UIInterfaceOrientationPortraitUpsideDown UIInterfaceOrientationLandscapeLeft UIInterfaceOrientationLandscapeRight";
				INFOPLIST_KEY_UISupportedInterfaceOrientations_iPhone = "UIInterfaceOrientationPortrait UIInterfaceOrientationLandscapeLeft UIInterfaceOrientationLandscapeRight";
				LD_RUNPATH_SEARCH_PATHS = (
					"$(inherited)",
					"@executable_path/Frameworks",
				);
				MARKETING_VERSION = 1.0;
				PRODUCT_BUNDLE_IDENTIFIER = com.none.BerlinClock;
				PRODUCT_NAME = "$(TARGET_NAME)";
				SWIFT_EMIT_LOC_STRINGS = YES;
				SWIFT_VERSION = 5.0;
				TARGETED_DEVICE_FAMILY = "1,2";
			};
			name = Debug;
		};
		E8045C502B6563EA00D6E8F2 /* Release */ = {
			isa = XCBuildConfiguration;
			buildSettings = {
				ASSETCATALOG_COMPILER_APPICON_NAME = AppIcon;
				ASSETCATALOG_COMPILER_GLOBAL_ACCENT_COLOR_NAME = AccentColor;
				CODE_SIGN_STYLE = Automatic;
				CURRENT_PROJECT_VERSION = 1;
				DEVELOPMENT_ASSET_PATHS = "\"BerlinClock/Preview Content\"";
				ENABLE_PREVIEWS = YES;
				GENERATE_INFOPLIST_FILE = YES;
				INFOPLIST_KEY_UIApplicationSceneManifest_Generation = YES;
				INFOPLIST_KEY_UIApplicationSupportsIndirectInputEvents = YES;
				INFOPLIST_KEY_UILaunchScreen_Generation = YES;
				INFOPLIST_KEY_UISupportedInterfaceOrientations_iPad = "UIInterfaceOrientationPortrait UIInterfaceOrientationPortraitUpsideDown UIInterfaceOrientationLandscapeLeft UIInterfaceOrientationLandscapeRight";
				INFOPLIST_KEY_UISupportedInterfaceOrientations_iPhone = "UIInterfaceOrientationPortrait UIInterfaceOrientationLandscapeLeft UIInterfaceOrientationLandscapeRight";
				LD_RUNPATH_SEARCH_PATHS = (
					"$(inherited)",
					"@executable_path/Frameworks",
				);
				MARKETING_VERSION = 1.0;
				PRODUCT_BUNDLE_IDENTIFIER = com.none.BerlinClock;
				PRODUCT_NAME = "$(TARGET_NAME)";
				SWIFT_EMIT_LOC_STRINGS = YES;
				SWIFT_VERSION = 5.0;
				TARGETED_DEVICE_FAMILY = "1,2";
			};
			name = Release;
		};
		E8045C522B6563EA00D6E8F2 /* Debug */ = {
			isa = XCBuildConfiguration;
			buildSettings = {
				ALWAYS_EMBED_SWIFT_STANDARD_LIBRARIES = YES;
				BUNDLE_LOADER = "$(TEST_HOST)";
				CODE_SIGN_STYLE = Automatic;
				CURRENT_PROJECT_VERSION = 1;
				GENERATE_INFOPLIST_FILE = YES;
				IPHONEOS_DEPLOYMENT_TARGET = 17.2;
				MARKETING_VERSION = 1.0;
				PRODUCT_BUNDLE_IDENTIFIER = com.none.BerlinClockTests;
				PRODUCT_NAME = "$(TARGET_NAME)";
				SWIFT_EMIT_LOC_STRINGS = NO;
				SWIFT_VERSION = 5.0;
				TARGETED_DEVICE_FAMILY = "1,2";
				TEST_HOST = "$(BUILT_PRODUCTS_DIR)/BerlinClock.app/$(BUNDLE_EXECUTABLE_FOLDER_PATH)/BerlinClock";
			};
			name = Debug;
		};
		E8045C532B6563EA00D6E8F2 /* Release */ = {
			isa = XCBuildConfiguration;
			buildSettings = {
				ALWAYS_EMBED_SWIFT_STANDARD_LIBRARIES = YES;
				BUNDLE_LOADER = "$(TEST_HOST)";
				CODE_SIGN_STYLE = Automatic;
				CURRENT_PROJECT_VERSION = 1;
				GENERATE_INFOPLIST_FILE = YES;
				IPHONEOS_DEPLOYMENT_TARGET = 17.2;
				MARKETING_VERSION = 1.0;
				PRODUCT_BUNDLE_IDENTIFIER = com.none.BerlinClockTests;
				PRODUCT_NAME = "$(TARGET_NAME)";
				SWIFT_EMIT_LOC_STRINGS = NO;
				SWIFT_VERSION = 5.0;
				TARGETED_DEVICE_FAMILY = "1,2";
				TEST_HOST = "$(BUILT_PRODUCTS_DIR)/BerlinClock.app/$(BUNDLE_EXECUTABLE_FOLDER_PATH)/BerlinClock";
			};
			name = Release;
		};
		E8045C552B6563EA00D6E8F2 /* Debug */ = {
			isa = XCBuildConfiguration;
			buildSettings = {
				ALWAYS_EMBED_SWIFT_STANDARD_LIBRARIES = YES;
				CODE_SIGN_STYLE = Automatic;
				CURRENT_PROJECT_VERSION = 1;
				GENERATE_INFOPLIST_FILE = YES;
				MARKETING_VERSION = 1.0;
				PRODUCT_BUNDLE_IDENTIFIER = com.none.BerlinClockUITests;
				PRODUCT_NAME = "$(TARGET_NAME)";
				SWIFT_EMIT_LOC_STRINGS = NO;
				SWIFT_VERSION = 5.0;
				TARGETED_DEVICE_FAMILY = "1,2";
				TEST_TARGET_NAME = BerlinClock;
			};
			name = Debug;
		};
		E8045C562B6563EA00D6E8F2 /* Release */ = {
			isa = XCBuildConfiguration;
			buildSettings = {
				ALWAYS_EMBED_SWIFT_STANDARD_LIBRARIES = YES;
				CODE_SIGN_STYLE = Automatic;
				CURRENT_PROJECT_VERSION = 1;
				GENERATE_INFOPLIST_FILE = YES;
				MARKETING_VERSION = 1.0;
				PRODUCT_BUNDLE_IDENTIFIER = com.none.BerlinClockUITests;
				PRODUCT_NAME = "$(TARGET_NAME)";
				SWIFT_EMIT_LOC_STRINGS = NO;
				SWIFT_VERSION = 5.0;
				TARGETED_DEVICE_FAMILY = "1,2";
				TEST_TARGET_NAME = BerlinClock;
			};
			name = Release;
		};
/* End XCBuildConfiguration section */

/* Begin XCConfigurationList section */
		E8045C252B6563E800D6E8F2 /* Build configuration list for PBXProject "BerlinClock" */ = {
			isa = XCConfigurationList;
			buildConfigurations = (
				E8045C4C2B6563EA00D6E8F2 /* Debug */,
				E8045C4D2B6563EA00D6E8F2 /* Release */,
			);
			defaultConfigurationIsVisible = 0;
			defaultConfigurationName = Release;
		};
		E8045C4E2B6563EA00D6E8F2 /* Build configuration list for PBXNativeTarget "BerlinClock" */ = {
			isa = XCConfigurationList;
			buildConfigurations = (
				E8045C4F2B6563EA00D6E8F2 /* Debug */,
				E8045C502B6563EA00D6E8F2 /* Release */,
			);
			defaultConfigurationIsVisible = 0;
			defaultConfigurationName = Release;
		};
		E8045C512B6563EA00D6E8F2 /* Build configuration list for PBXNativeTarget "BerlinClockTests" */ = {
			isa = XCConfigurationList;
			buildConfigurations = (
				E8045C522B6563EA00D6E8F2 /* Debug */,
				E8045C532B6563EA00D6E8F2 /* Release */,
			);
			defaultConfigurationIsVisible = 0;
			defaultConfigurationName = Release;
		};
		E8045C542B6563EA00D6E8F2 /* Build configuration list for PBXNativeTarget "BerlinClockUITests" */ = {
			isa = XCConfigurationList;
			buildConfigurations = (
				E8045C552B6563EA00D6E8F2 /* Debug */,
				E8045C562B6563EA00D6E8F2 /* Release */,
			);
			defaultConfigurationIsVisible = 0;
			defaultConfigurationName = Release;
		};
/* End XCConfigurationList section */
	};
	rootObject = E8045C222B6563E800D6E8F2 /* Project object */;
}
